
Microsoft Visual Studio Solution File, Format Version 12.00
# Visual Studio Version 16
VisualStudioVersion = 16.0.28922.388
MinimumVisualStudioVersion = 10.0.40219.1
Project("{FAE04EC0-301F-11D3-BF4B-00C04F79EFBC}") = "MvcMovies", "MvcMovies\MvcMovies.csproj", "{50553458-CDF4-43F0-A88D-1763F5B56FA5}"
EndProject
Global
	GlobalSection(SolutionConfigurationPlatforms) = preSolution
		Debug|Any CPU = Debug|Any CPU
		Release|Any CPU = Release|Any CPU
	EndGlobalSection
	GlobalSection(ProjectConfigurationPlatforms) = postSolution
		{50553458-CDF4-43F0-A88D-1763F5B56FA5}.Debug|Any CPU.ActiveCfg = Debug|Any CPU
		{50553458-CDF4-43F0-A88D-1763F5B56FA5}.Debug|Any CPU.Build.0 = Debug|Any CPU
		{50553458-CDF4-43F0-A88D-1763F5B56FA5}.Release|Any CPU.ActiveCfg = Release|Any CPU
		{50553458-CDF4-43F0-A88D-1763F5B56FA5}.Release|Any CPU.Build.0 = Release|Any CPU
	EndGlobalSection
	GlobalSection(SolutionProperties) = preSolution
		HideSolutionNode = FALSE
	EndGlobalSection
	GlobalSection(ExtensibilityGlobals) = postSolution
		SolutionGuid = {DE606328-B702-49C4-A816-79A078A660E2}
	EndGlobalSection
EndGlobal
